// !$*UTF8*$!
{
	archiveVersion = 1;
	classes = {
	};
	objectVersion = 56;
	objects = {

/* Begin PBXBuildFile section */
		6937DA342AED1E340079E179 /* Time_CapsuleApp.swift in Sources */ = {isa = PBXBuildFile; fileRef = 6937DA332AED1E340079E179 /* Time_CapsuleApp.swift */; };
		6937DA362AED1E340079E179 /* ContentView.swift in Sources */ = {isa = PBXBuildFile; fileRef = 6937DA352AED1E340079E179 /* ContentView.swift */; };
		6937DA382AED1E350079E179 /* Assets.xcassets in Resources */ = {isa = PBXBuildFile; fileRef = 6937DA372AED1E350079E179 /* Assets.xcassets */; };
		6937DA3B2AED1E350079E179 /* Preview Assets.xcassets in Resources */ = {isa = PBXBuildFile; fileRef = 6937DA3A2AED1E350079E179 /* Preview Assets.xcassets */; };
		6937DA452AED1E360079E179 /* Time_CapsuleTests.swift in Sources */ = {isa = PBXBuildFile; fileRef = 6937DA442AED1E360079E179 /* Time_CapsuleTests.swift */; };
		6937DA4F2AED1E360079E179 /* Time_CapsuleUITests.swift in Sources */ = {isa = PBXBuildFile; fileRef = 6937DA4E2AED1E360079E179 /* Time_CapsuleUITests.swift */; };
		6937DA512AED1E360079E179 /* Time_CapsuleUITestsLaunchTests.swift in Sources */ = {isa = PBXBuildFile; fileRef = 6937DA502AED1E360079E179 /* Time_CapsuleUITestsLaunchTests.swift */; };
		695E59822AEFCFCE0030C256 /* MainPageView.swift in Sources */ = {isa = PBXBuildFile; fileRef = 695E59812AEFCFCE0030C256 /* MainPageView.swift */; };
		695E59842AEFCFF50030C256 /* HomeView.swift in Sources */ = {isa = PBXBuildFile; fileRef = 695E59832AEFCFF50030C256 /* HomeView.swift */; };
		695E59862AEFD0110030C256 /* CapsuleCreationView.swift in Sources */ = {isa = PBXBuildFile; fileRef = 695E59852AEFD0110030C256 /* CapsuleCreationView.swift */; };
		695E59882AEFD02F0030C256 /* ProfileView.swift in Sources */ = {isa = PBXBuildFile; fileRef = 695E59872AEFD02F0030C256 /* ProfileView.swift */; };
		695E598A2AEFD0420030C256 /* SettingsView.swift in Sources */ = {isa = PBXBuildFile; fileRef = 695E59892AEFD0420030C256 /* SettingsView.swift */; };
		69CC7B4C2AEFD94D00AB3907 /* AvailableCapsuleView.swift in Sources */ = {isa = PBXBuildFile; fileRef = 69CC7B4B2AEFD94D00AB3907 /* AvailableCapsuleView.swift */; };
		69CC7B522AEFD99100AB3907 /* LockedCapsuleView.swift in Sources */ = {isa = PBXBuildFile; fileRef = 69CC7B512AEFD99100AB3907 /* LockedCapsuleView.swift */; };
		69CC7B582AEFE2F100AB3907 /* Model.xcdatamodeld in Sources */ = {isa = PBXBuildFile; fileRef = 69CC7B562AEFE2F100AB3907 /* Model.xcdatamodeld */; };
		69CC7B652AEFEA2500AB3907 /* Capsule+CoreDataClass.swift in Sources */ = {isa = PBXBuildFile; fileRef = 69CC7B632AEFEA2500AB3907 /* Capsule+CoreDataClass.swift */; };
		69CC7B662AEFEA2500AB3907 /* Capsule+CoreDataProperties.swift in Sources */ = {isa = PBXBuildFile; fileRef = 69CC7B642AEFEA2500AB3907 /* Capsule+CoreDataProperties.swift */; };
/* End PBXBuildFile section */

/* Begin PBXContainerItemProxy section */
		6937DA412AED1E360079E179 /* PBXContainerItemProxy */ = {
			isa = PBXContainerItemProxy;
			containerPortal = 6937DA282AED1E340079E179 /* Project object */;
			proxyType = 1;
			remoteGlobalIDString = 6937DA2F2AED1E340079E179;
			remoteInfo = "Time Capsule";
		};
		6937DA4B2AED1E360079E179 /* PBXContainerItemProxy */ = {
			isa = PBXContainerItemProxy;
			containerPortal = 6937DA282AED1E340079E179 /* Project object */;
			proxyType = 1;
			remoteGlobalIDString = 6937DA2F2AED1E340079E179;
			remoteInfo = "Time Capsule";
		};
/* End PBXContainerItemProxy section */

/* Begin PBXFileReference section */
		6937DA302AED1E340079E179 /* Time Capsule.app */ = {isa = PBXFileReference; explicitFileType = wrapper.application; includeInIndex = 0; path = "Time Capsule.app"; sourceTree = BUILT_PRODUCTS_DIR; };
		6937DA332AED1E340079E179 /* Time_CapsuleApp.swift */ = {isa = PBXFileReference; lastKnownFileType = sourcecode.swift; path = Time_CapsuleApp.swift; sourceTree = "<group>"; };
		6937DA352AED1E340079E179 /* ContentView.swift */ = {isa = PBXFileReference; lastKnownFileType = sourcecode.swift; path = ContentView.swift; sourceTree = "<group>"; };
		6937DA372AED1E350079E179 /* Assets.xcassets */ = {isa = PBXFileReference; lastKnownFileType = folder.assetcatalog; path = Assets.xcassets; sourceTree = "<group>"; };
		6937DA3A2AED1E350079E179 /* Preview Assets.xcassets */ = {isa = PBXFileReference; lastKnownFileType = folder.assetcatalog; path = "Preview Assets.xcassets"; sourceTree = "<group>"; };
		6937DA402AED1E360079E179 /* Time CapsuleTests.xctest */ = {isa = PBXFileReference; explicitFileType = wrapper.cfbundle; includeInIndex = 0; path = "Time CapsuleTests.xctest"; sourceTree = BUILT_PRODUCTS_DIR; };
		6937DA442AED1E360079E179 /* Time_CapsuleTests.swift */ = {isa = PBXFileReference; lastKnownFileType = sourcecode.swift; path = Time_CapsuleTests.swift; sourceTree = "<group>"; };
		6937DA4A2AED1E360079E179 /* Time CapsuleUITests.xctest */ = {isa = PBXFileReference; explicitFileType = wrapper.cfbundle; includeInIndex = 0; path = "Time CapsuleUITests.xctest"; sourceTree = BUILT_PRODUCTS_DIR; };
		6937DA4E2AED1E360079E179 /* Time_CapsuleUITests.swift */ = {isa = PBXFileReference; lastKnownFileType = sourcecode.swift; path = Time_CapsuleUITests.swift; sourceTree = "<group>"; };
		6937DA502AED1E360079E179 /* Time_CapsuleUITestsLaunchTests.swift */ = {isa = PBXFileReference; lastKnownFileType = sourcecode.swift; path = Time_CapsuleUITestsLaunchTests.swift; sourceTree = "<group>"; };
		695E59812AEFCFCE0030C256 /* MainPageView.swift */ = {isa = PBXFileReference; lastKnownFileType = sourcecode.swift; path = MainPageView.swift; sourceTree = "<group>"; };
		695E59832AEFCFF50030C256 /* HomeView.swift */ = {isa = PBXFileReference; lastKnownFileType = sourcecode.swift; path = HomeView.swift; sourceTree = "<group>"; };
		695E59852AEFD0110030C256 /* CapsuleCreationView.swift */ = {isa = PBXFileReference; lastKnownFileType = sourcecode.swift; path = CapsuleCreationView.swift; sourceTree = "<group>"; };
		695E59872AEFD02F0030C256 /* ProfileView.swift */ = {isa = PBXFileReference; lastKnownFileType = sourcecode.swift; path = ProfileView.swift; sourceTree = "<group>"; };
		695E59892AEFD0420030C256 /* SettingsView.swift */ = {isa = PBXFileReference; lastKnownFileType = sourcecode.swift; path = SettingsView.swift; sourceTree = "<group>"; };
		69CC7B4B2AEFD94D00AB3907 /* AvailableCapsuleView.swift */ = {isa = PBXFileReference; lastKnownFileType = sourcecode.swift; path = AvailableCapsuleView.swift; sourceTree = "<group>"; };
		69CC7B512AEFD99100AB3907 /* LockedCapsuleView.swift */ = {isa = PBXFileReference; lastKnownFileType = sourcecode.swift; path = LockedCapsuleView.swift; sourceTree = "<group>"; };
		69CC7B572AEFE2F100AB3907 /* Model.xcdatamodel */ = {isa = PBXFileReference; lastKnownFileType = wrapper.xcdatamodel; path = Model.xcdatamodel; sourceTree = "<group>"; };
		69CC7B632AEFEA2500AB3907 /* Capsule+CoreDataClass.swift */ = {isa = PBXFileReference; lastKnownFileType = sourcecode.swift; path = "Capsule+CoreDataClass.swift"; sourceTree = "<group>"; };
		69CC7B642AEFEA2500AB3907 /* Capsule+CoreDataProperties.swift */ = {isa = PBXFileReference; lastKnownFileType = sourcecode.swift; path = "Capsule+CoreDataProperties.swift"; sourceTree = "<group>"; };
/* End PBXFileReference section */

/* Begin PBXFrameworksBuildPhase section */
		6937DA2D2AED1E340079E179 /* Frameworks */ = {
			isa = PBXFrameworksBuildPhase;
			buildActionMask = 2147483647;
			files = (
			);
			runOnlyForDeploymentPostprocessing = 0;
		};
		6937DA3D2AED1E360079E179 /* Frameworks */ = {
			isa = PBXFrameworksBuildPhase;
			buildActionMask = 2147483647;
			files = (
			);
			runOnlyForDeploymentPostprocessing = 0;
		};
		6937DA472AED1E360079E179 /* Frameworks */ = {
			isa = PBXFrameworksBuildPhase;
			buildActionMask = 2147483647;
			files = (
			);
			runOnlyForDeploymentPostprocessing = 0;
		};
/* End PBXFrameworksBuildPhase section */

/* Begin PBXGroup section */
		6937DA272AED1E340079E179 = {
			isa = PBXGroup;
			children = (
				69CC7B632AEFEA2500AB3907 /* Capsule+CoreDataClass.swift */,
				69CC7B642AEFEA2500AB3907 /* Capsule+CoreDataProperties.swift */,
				6937DA322AED1E340079E179 /* Time Capsule */,
				6937DA432AED1E360079E179 /* Time CapsuleTests */,
				6937DA4D2AED1E360079E179 /* Time CapsuleUITests */,
				6937DA312AED1E340079E179 /* Products */,
			);
			sourceTree = "<group>";
		};
		6937DA312AED1E340079E179 /* Products */ = {
			isa = PBXGroup;
			children = (
				6937DA302AED1E340079E179 /* Time Capsule.app */,
				6937DA402AED1E360079E179 /* Time CapsuleTests.xctest */,
				6937DA4A2AED1E360079E179 /* Time CapsuleUITests.xctest */,
			);
			name = Products;
			sourceTree = "<group>";
		};
		6937DA322AED1E340079E179 /* Time Capsule */ = {
			isa = PBXGroup;
			children = (
				6937DA332AED1E340079E179 /* Time_CapsuleApp.swift */,
				6937DA352AED1E340079E179 /* ContentView.swift */,
				6937DA372AED1E350079E179 /* Assets.xcassets */,
				6937DA392AED1E350079E179 /* Preview Content */,
				695E59812AEFCFCE0030C256 /* MainPageView.swift */,
				69CC7B562AEFE2F100AB3907 /* Model.xcdatamodeld */,
				695E59832AEFCFF50030C256 /* HomeView.swift */,
				695E59852AEFD0110030C256 /* CapsuleCreationView.swift */,
				695E59872AEFD02F0030C256 /* ProfileView.swift */,
				695E59892AEFD0420030C256 /* SettingsView.swift */,
				69CC7B4B2AEFD94D00AB3907 /* AvailableCapsuleView.swift */,
				69CC7B512AEFD99100AB3907 /* LockedCapsuleView.swift */,
			);
			path = "Time Capsule";
			sourceTree = "<group>";
		};
		6937DA392AED1E350079E179 /* Preview Content */ = {
			isa = PBXGroup;
			children = (
				6937DA3A2AED1E350079E179 /* Preview Assets.xcassets */,
			);
			path = "Preview Content";
			sourceTree = "<group>";
		};
		6937DA432AED1E360079E179 /* Time CapsuleTests */ = {
			isa = PBXGroup;
			children = (
				6937DA442AED1E360079E179 /* Time_CapsuleTests.swift */,
			);
			path = "Time CapsuleTests";
			sourceTree = "<group>";
		};
		6937DA4D2AED1E360079E179 /* Time CapsuleUITests */ = {
			isa = PBXGroup;
			children = (
				6937DA4E2AED1E360079E179 /* Time_CapsuleUITests.swift */,
				6937DA502AED1E360079E179 /* Time_CapsuleUITestsLaunchTests.swift */,
			);
			path = "Time CapsuleUITests";
			sourceTree = "<group>";
		};
/* End PBXGroup section */

/* Begin PBXNativeTarget section */
		6937DA2F2AED1E340079E179 /* Time Capsule */ = {
			isa = PBXNativeTarget;
			buildConfigurationList = 6937DA542AED1E360079E179 /* Build configuration list for PBXNativeTarget "Time Capsule" */;
			buildPhases = (
				6937DA2C2AED1E340079E179 /* Sources */,
				6937DA2D2AED1E340079E179 /* Frameworks */,
				6937DA2E2AED1E340079E179 /* Resources */,
			);
			buildRules = (
			);
			dependencies = (
			);
			name = "Time Capsule";
			productName = "Time Capsule";
			productReference = 6937DA302AED1E340079E179 /* Time Capsule.app */;
			productType = "com.apple.product-type.application";
		};
		6937DA3F2AED1E360079E179 /* Time CapsuleTests */ = {
			isa = PBXNativeTarget;
			buildConfigurationList = 6937DA572AED1E360079E179 /* Build configuration list for PBXNativeTarget "Time CapsuleTests" */;
			buildPhases = (
				6937DA3C2AED1E360079E179 /* Sources */,
				6937DA3D2AED1E360079E179 /* Frameworks */,
				6937DA3E2AED1E360079E179 /* Resources */,
			);
			buildRules = (
			);
			dependencies = (
				6937DA422AED1E360079E179 /* PBXTargetDependency */,
			);
			name = "Time CapsuleTests";
			productName = "Time CapsuleTests";
			productReference = 6937DA402AED1E360079E179 /* Time CapsuleTests.xctest */;
			productType = "com.apple.product-type.bundle.unit-test";
		};
		6937DA492AED1E360079E179 /* Time CapsuleUITests */ = {
			isa = PBXNativeTarget;
			buildConfigurationList = 6937DA5A2AED1E360079E179 /* Build configuration list for PBXNativeTarget "Time CapsuleUITests" */;
			buildPhases = (
				6937DA462AED1E360079E179 /* Sources */,
				6937DA472AED1E360079E179 /* Frameworks */,
				6937DA482AED1E360079E179 /* Resources */,
			);
			buildRules = (
			);
			dependencies = (
				6937DA4C2AED1E360079E179 /* PBXTargetDependency */,
			);
			name = "Time CapsuleUITests";
			productName = "Time CapsuleUITests";
			productReference = 6937DA4A2AED1E360079E179 /* Time CapsuleUITests.xctest */;
			productType = "com.apple.product-type.bundle.ui-testing";
		};
/* End PBXNativeTarget section */

/* Begin PBXProject section */
		6937DA282AED1E340079E179 /* Project object */ = {
			isa = PBXProject;
			attributes = {
				BuildIndependentTargetsInParallel = 1;
				LastSwiftUpdateCheck = 1500;
				LastUpgradeCheck = 1500;
				TargetAttributes = {
					6937DA2F2AED1E340079E179 = {
						CreatedOnToolsVersion = 15.0.1;
					};
					6937DA3F2AED1E360079E179 = {
						CreatedOnToolsVersion = 15.0.1;
						TestTargetID = 6937DA2F2AED1E340079E179;
					};
					6937DA492AED1E360079E179 = {
						CreatedOnToolsVersion = 15.0.1;
						TestTargetID = 6937DA2F2AED1E340079E179;
					};
				};
			};
			buildConfigurationList = 6937DA2B2AED1E340079E179 /* Build configuration list for PBXProject "Time Capsule" */;
			compatibilityVersion = "Xcode 14.0";
			developmentRegion = en;
			hasScannedForEncodings = 0;
			knownRegions = (
				en,
				Base,
			);
			mainGroup = 6937DA272AED1E340079E179;
			productRefGroup = 6937DA312AED1E340079E179 /* Products */;
			projectDirPath = "";
			projectRoot = "";
			targets = (
				6937DA2F2AED1E340079E179 /* Time Capsule */,
				6937DA3F2AED1E360079E179 /* Time CapsuleTests */,
				6937DA492AED1E360079E179 /* Time CapsuleUITests */,
			);
		};
/* End PBXProject section */

/* Begin PBXResourcesBuildPhase section */
		6937DA2E2AED1E340079E179 /* Resources */ = {
			isa = PBXResourcesBuildPhase;
			buildActionMask = 2147483647;
			files = (
				6937DA3B2AED1E350079E179 /* Preview Assets.xcassets in Resources */,
				6937DA382AED1E350079E179 /* Assets.xcassets in Resources */,
			);
			runOnlyForDeploymentPostprocessing = 0;
		};
		6937DA3E2AED1E360079E179 /* Resources */ = {
			isa = PBXResourcesBuildPhase;
			buildActionMask = 2147483647;
			files = (
			);
			runOnlyForDeploymentPostprocessing = 0;
		};
		6937DA482AED1E360079E179 /* Resources */ = {
			isa = PBXResourcesBuildPhase;
			buildActionMask = 2147483647;
			files = (
			);
			runOnlyForDeploymentPostprocessing = 0;
		};
/* End PBXResourcesBuildPhase section */

/* Begin PBXSourcesBuildPhase section */
		6937DA2C2AED1E340079E179 /* Sources */ = {
			isa = PBXSourcesBuildPhase;
			buildActionMask = 2147483647;
			files = (
				695E598A2AEFD0420030C256 /* SettingsView.swift in Sources */,
				695E59862AEFD0110030C256 /* CapsuleCreationView.swift in Sources */,
				6937DA362AED1E340079E179 /* ContentView.swift in Sources */,
				695E59842AEFCFF50030C256 /* HomeView.swift in Sources */,
				69CC7B652AEFEA2500AB3907 /* Capsule+CoreDataClass.swift in Sources */,
				6937DA342AED1E340079E179 /* Time_CapsuleApp.swift in Sources */,
				695E59882AEFD02F0030C256 /* ProfileView.swift in Sources */,
				69CC7B4C2AEFD94D00AB3907 /* AvailableCapsuleView.swift in Sources */,
				69CC7B582AEFE2F100AB3907 /* Model.xcdatamodeld in Sources */,
				695E59822AEFCFCE0030C256 /* MainPageView.swift in Sources */,
				69CC7B662AEFEA2500AB3907 /* Capsule+CoreDataProperties.swift in Sources */,
				69CC7B522AEFD99100AB3907 /* LockedCapsuleView.swift in Sources */,
			);
			runOnlyForDeploymentPostprocessing = 0;
		};
		6937DA3C2AED1E360079E179 /* Sources */ = {
			isa = PBXSourcesBuildPhase;
			buildActionMask = 2147483647;
			files = (
				6937DA452AED1E360079E179 /* Time_CapsuleTests.swift in Sources */,
			);
			runOnlyForDeploymentPostprocessing = 0;
		};
		6937DA462AED1E360079E179 /* Sources */ = {
			isa = PBXSourcesBuildPhase;
			buildActionMask = 2147483647;
			files = (
				6937DA4F2AED1E360079E179 /* Time_CapsuleUITests.swift in Sources */,
				6937DA512AED1E360079E179 /* Time_CapsuleUITestsLaunchTests.swift in Sources */,
			);
			runOnlyForDeploymentPostprocessing = 0;
		};
/* End PBXSourcesBuildPhase section */

/* Begin PBXTargetDependency section */
		6937DA422AED1E360079E179 /* PBXTargetDependency */ = {
			isa = PBXTargetDependency;
			target = 6937DA2F2AED1E340079E179 /* Time Capsule */;
			targetProxy = 6937DA412AED1E360079E179 /* PBXContainerItemProxy */;
		};
		6937DA4C2AED1E360079E179 /* PBXTargetDependency */ = {
			isa = PBXTargetDependency;
			target = 6937DA2F2AED1E340079E179 /* Time Capsule */;
			targetProxy = 6937DA4B2AED1E360079E179 /* PBXContainerItemProxy */;
		};
/* End PBXTargetDependency section */

/* Begin XCBuildConfiguration section */
		6937DA522AED1E360079E179 /* Debug */ = {
			isa = XCBuildConfiguration;
			buildSettings = {
				ALWAYS_SEARCH_USER_PATHS = NO;
				ASSETCATALOG_COMPILER_GENERATE_SWIFT_ASSET_SYMBOL_EXTENSIONS = YES;
				CLANG_ANALYZER_NONNULL = YES;
				CLANG_ANALYZER_NUMBER_OBJECT_CONVERSION = YES_AGGRESSIVE;
				CLANG_CXX_LANGUAGE_STANDARD = "gnu++20";
				CLANG_ENABLE_MODULES = YES;
				CLANG_ENABLE_OBJC_ARC = YES;
				CLANG_ENABLE_OBJC_WEAK = YES;
				CLANG_WARN_BLOCK_CAPTURE_AUTORELEASING = YES;
				CLANG_WARN_BOOL_CONVERSION = YES;
				CLANG_WARN_COMMA = YES;
				CLANG_WARN_CONSTANT_CONVERSION = YES;
				CLANG_WARN_DEPRECATED_OBJC_IMPLEMENTATIONS = YES;
				CLANG_WARN_DIRECT_OBJC_ISA_USAGE = YES_ERROR;
				CLANG_WARN_DOCUMENTATION_COMMENTS = YES;
				CLANG_WARN_EMPTY_BODY = YES;
				CLANG_WARN_ENUM_CONVERSION = YES;
				CLANG_WARN_INFINITE_RECURSION = YES;
				CLANG_WARN_INT_CONVERSION = YES;
				CLANG_WARN_NON_LITERAL_NULL_CONVERSION = YES;
				CLANG_WARN_OBJC_IMPLICIT_RETAIN_SELF = YES;
				CLANG_WARN_OBJC_LITERAL_CONVERSION = YES;
				CLANG_WARN_OBJC_ROOT_CLASS = YES_ERROR;
				CLANG_WARN_QUOTED_INCLUDE_IN_FRAMEWORK_HEADER = YES;
				CLANG_WARN_RANGE_LOOP_ANALYSIS = YES;
				CLANG_WARN_STRICT_PROTOTYPES = YES;
				CLANG_WARN_SUSPICIOUS_MOVE = YES;
				CLANG_WARN_UNGUARDED_AVAILABILITY = YES_AGGRESSIVE;
				CLANG_WARN_UNREACHABLE_CODE = YES;
				CLANG_WARN__DUPLICATE_METHOD_MATCH = YES;
				COPY_PHASE_STRIP = NO;
				DEBUG_INFORMATION_FORMAT = dwarf;
				ENABLE_STRICT_OBJC_MSGSEND = YES;
				ENABLE_TESTABILITY = YES;
				ENABLE_USER_SCRIPT_SANDBOXING = YES;
				GCC_C_LANGUAGE_STANDARD = gnu17;
				GCC_DYNAMIC_NO_PIC = NO;
				GCC_NO_COMMON_BLOCKS = YES;
				GCC_OPTIMIZATION_LEVEL = 0;
				GCC_PREPROCESSOR_DEFINITIONS = (
					"DEBUG=1",
					"$(inherited)",
				);
				GCC_WARN_64_TO_32_BIT_CONVERSION = YES;
				GCC_WARN_ABOUT_RETURN_TYPE = YES_ERROR;
				GCC_WARN_UNDECLARED_SELECTOR = YES;
				GCC_WARN_UNINITIALIZED_AUTOS = YES_AGGRESSIVE;
				GCC_WARN_UNUSED_FUNCTION = YES;
				GCC_WARN_UNUSED_VARIABLE = YES;
				IPHONEOS_DEPLOYMENT_TARGET = 17.0;
				LOCALIZATION_PREFERS_STRING_CATALOGS = YES;
				MTL_ENABLE_DEBUG_INFO = INCLUDE_SOURCE;
				MTL_FAST_MATH = YES;
				ONLY_ACTIVE_ARCH = YES;
				SDKROOT = iphoneos;
				SWIFT_ACTIVE_COMPILATION_CONDITIONS = "DEBUG $(inherited)";
				SWIFT_OPTIMIZATION_LEVEL = "-Onone";
			};
			name = Debug;
		};
		6937DA532AED1E360079E179 /* Release */ = {
			isa = XCBuildConfiguration;
			buildSettings = {
				ALWAYS_SEARCH_USER_PATHS = NO;
				ASSETCATALOG_COMPILER_GENERATE_SWIFT_ASSET_SYMBOL_EXTENSIONS = YES;
				CLANG_ANALYZER_NONNULL = YES;
				CLANG_ANALYZER_NUMBER_OBJECT_CONVERSION = YES_AGGRESSIVE;
				CLANG_CXX_LANGUAGE_STANDARD = "gnu++20";
				CLANG_ENABLE_MODULES = YES;
				CLANG_ENABLE_OBJC_ARC = YES;
				CLANG_ENABLE_OBJC_WEAK = YES;
				CLANG_WARN_BLOCK_CAPTURE_AUTORELEASING = YES;
				CLANG_WARN_BOOL_CONVERSION = YES;
				CLANG_WARN_COMMA = YES;
				CLANG_WARN_CONSTANT_CONVERSION = YES;
				CLANG_WARN_DEPRECATED_OBJC_IMPLEMENTATIONS = YES;
				CLANG_WARN_DIRECT_OBJC_ISA_USAGE = YES_ERROR;
				CLANG_WARN_DOCUMENTATION_COMMENTS = YES;
				CLANG_WARN_EMPTY_BODY = YES;
				CLANG_WARN_ENUM_CONVERSION = YES;
				CLANG_WARN_INFINITE_RECURSION = YES;
				CLANG_WARN_INT_CONVERSION = YES;
				CLANG_WARN_NON_LITERAL_NULL_CONVERSION = YES;
				CLANG_WARN_OBJC_IMPLICIT_RETAIN_SELF = YES;
				CLANG_WARN_OBJC_LITERAL_CONVERSION = YES;
				CLANG_WARN_OBJC_ROOT_CLASS = YES_ERROR;
				CLANG_WARN_QUOTED_INCLUDE_IN_FRAMEWORK_HEADER = YES;
				CLANG_WARN_RANGE_LOOP_ANALYSIS = YES;
				CLANG_WARN_STRICT_PROTOTYPES = YES;
				CLANG_WARN_SUSPICIOUS_MOVE = YES;
				CLANG_WARN_UNGUARDED_AVAILABILITY = YES_AGGRESSIVE;
				CLANG_WARN_UNREACHABLE_CODE = YES;
				CLANG_WARN__DUPLICATE_METHOD_MATCH = YES;
				COPY_PHASE_STRIP = NO;
				DEBUG_INFORMATION_FORMAT = "dwarf-with-dsym";
				ENABLE_NS_ASSERTIONS = NO;
				ENABLE_STRICT_OBJC_MSGSEND = YES;
				ENABLE_USER_SCRIPT_SANDBOXING = YES;
				GCC_C_LANGUAGE_STANDARD = gnu17;
				GCC_NO_COMMON_BLOCKS = YES;
				GCC_WARN_64_TO_32_BIT_CONVERSION = YES;
				GCC_WARN_ABOUT_RETURN_TYPE = YES_ERROR;
				GCC_WARN_UNDECLARED_SELECTOR = YES;
				GCC_WARN_UNINITIALIZED_AUTOS = YES_AGGRESSIVE;
				GCC_WARN_UNUSED_FUNCTION = YES;
				GCC_WARN_UNUSED_VARIABLE = YES;
				IPHONEOS_DEPLOYMENT_TARGET = 17.0;
				LOCALIZATION_PREFERS_STRING_CATALOGS = YES;
				MTL_ENABLE_DEBUG_INFO = NO;
				MTL_FAST_MATH = YES;
				SDKROOT = iphoneos;
				SWIFT_COMPILATION_MODE = wholemodule;
				VALIDATE_PRODUCT = YES;
			};
			name = Release;
		};
		6937DA552AED1E360079E179 /* Debug */ = {
			isa = XCBuildConfiguration;
			buildSettings = {
				ASSETCATALOG_COMPILER_APPICON_NAME = AppIcon;
				ASSETCATALOG_COMPILER_GLOBAL_ACCENT_COLOR_NAME = AccentColor;
				CODE_SIGN_STYLE = Automatic;
				CURRENT_PROJECT_VERSION = 1;
				DEVELOPMENT_ASSET_PATHS = "\"Time Capsule/Preview Content\"";
				DEVELOPMENT_TEAM = 924NXU444S;
				ENABLE_PREVIEWS = YES;
				GENERATE_INFOPLIST_FILE = YES;
				INFOPLIST_KEY_UIApplicationSceneManifest_Generation = YES;
				INFOPLIST_KEY_UIApplicationSupportsIndirectInputEvents = YES;
				INFOPLIST_KEY_UILaunchScreen_Generation = YES;
				INFOPLIST_KEY_UISupportedInterfaceOrientations_iPad = "UIInterfaceOrientationPortrait UIInterfaceOrientationPortraitUpsideDown UIInterfaceOrientationLandscapeLeft UIInterfaceOrientationLandscapeRight";
				INFOPLIST_KEY_UISupportedInterfaceOrientations_iPhone = "UIInterfaceOrientationPortrait UIInterfaceOrientationLandscapeLeft UIInterfaceOrientationLandscapeRight";
				LD_RUNPATH_SEARCH_PATHS = (
					"$(inherited)",
					"@executable_path/Frameworks",
				);
				MARKETING_VERSION = 1.0;
				PRODUCT_BUNDLE_IDENTIFIER = "com.jaychiddarwar.Time-Capsule";
				PRODUCT_NAME = "$(TARGET_NAME)";
				SWIFT_EMIT_LOC_STRINGS = YES;
				SWIFT_VERSION = 5.0;
				TARGETED_DEVICE_FAMILY = "1,2";
			};
			name = Debug;
		};
		6937DA562AED1E360079E179 /* Release */ = {
			isa = XCBuildConfiguration;
			buildSettings = {
				ASSETCATALOG_COMPILER_APPICON_NAME = AppIcon;
				ASSETCATALOG_COMPILER_GLOBAL_ACCENT_COLOR_NAME = AccentColor;
				CODE_SIGN_STYLE = Automatic;
				CURRENT_PROJECT_VERSION = 1;
				DEVELOPMENT_ASSET_PATHS = "\"Time Capsule/Preview Content\"";
				DEVELOPMENT_TEAM = 924NXU444S;
				ENABLE_PREVIEWS = YES;
				GENERATE_INFOPLIST_FILE = YES;
				INFOPLIST_KEY_UIApplicationSceneManifest_Generation = YES;
				INFOPLIST_KEY_UIApplicationSupportsIndirectInputEvents = YES;
				INFOPLIST_KEY_UILaunchScreen_Generation = YES;
				INFOPLIST_KEY_UISupportedInterfaceOrientations_iPad = "UIInterfaceOrientationPortrait UIInterfaceOrientationPortraitUpsideDown UIInterfaceOrientationLandscapeLeft UIInterfaceOrientationLandscapeRight";
				INFOPLIST_KEY_UISupportedInterfaceOrientations_iPhone = "UIInterfaceOrientationPortrait UIInterfaceOrientationLandscapeLeft UIInterfaceOrientationLandscapeRight";
				LD_RUNPATH_SEARCH_PATHS = (
					"$(inherited)",
					"@executable_path/Frameworks",
				);
				MARKETING_VERSION = 1.0;
				PRODUCT_BUNDLE_IDENTIFIER = "com.jaychiddarwar.Time-Capsule";
				PRODUCT_NAME = "$(TARGET_NAME)";
				SWIFT_EMIT_LOC_STRINGS = YES;
				SWIFT_VERSION = 5.0;
				TARGETED_DEVICE_FAMILY = "1,2";
			};
			name = Release;
		};
		6937DA582AED1E360079E179 /* Debug */ = {
			isa = XCBuildConfiguration;
			buildSettings = {
				ALWAYS_EMBED_SWIFT_STANDARD_LIBRARIES = YES;
				BUNDLE_LOADER = "$(TEST_HOST)";
				CODE_SIGN_STYLE = Automatic;
				CURRENT_PROJECT_VERSION = 1;
				DEVELOPMENT_TEAM = 924NXU444S;
				GENERATE_INFOPLIST_FILE = YES;
				IPHONEOS_DEPLOYMENT_TARGET = 17.0;
				MARKETING_VERSION = 1.0;
				PRODUCT_BUNDLE_IDENTIFIER = "com.jaychiddarwar.Time-CapsuleTests";
				PRODUCT_NAME = "$(TARGET_NAME)";
				SWIFT_EMIT_LOC_STRINGS = NO;
				SWIFT_VERSION = 5.0;
				TARGETED_DEVICE_FAMILY = "1,2";
				TEST_HOST = "$(BUILT_PRODUCTS_DIR)/Time Capsule.app/$(BUNDLE_EXECUTABLE_FOLDER_PATH)/Time Capsule";
			};
			name = Debug;
		};
		6937DA592AED1E360079E179 /* Release */ = {
			isa = XCBuildConfiguration;
			buildSettings = {
				ALWAYS_EMBED_SWIFT_STANDARD_LIBRARIES = YES;
				BUNDLE_LOADER = "$(TEST_HOST)";
				CODE_SIGN_STYLE = Automatic;
				CURRENT_PROJECT_VERSION = 1;
				DEVELOPMENT_TEAM = 924NXU444S;
				GENERATE_INFOPLIST_FILE = YES;
				IPHONEOS_DEPLOYMENT_TARGET = 17.0;
				MARKETING_VERSION = 1.0;
				PRODUCT_BUNDLE_IDENTIFIER = "com.jaychiddarwar.Time-CapsuleTests";
				PRODUCT_NAME = "$(TARGET_NAME)";
				SWIFT_EMIT_LOC_STRINGS = NO;
				SWIFT_VERSION = 5.0;
				TARGETED_DEVICE_FAMILY = "1,2";
				TEST_HOST = "$(BUILT_PRODUCTS_DIR)/Time Capsule.app/$(BUNDLE_EXECUTABLE_FOLDER_PATH)/Time Capsule";
			};
			name = Release;
		};
		6937DA5B2AED1E360079E179 /* Debug */ = {
			isa = XCBuildConfiguration;
			buildSettings = {
				ALWAYS_EMBED_SWIFT_STANDARD_LIBRARIES = YES;
				CODE_SIGN_STYLE = Automatic;
				CURRENT_PROJECT_VERSION = 1;
				DEVELOPMENT_TEAM = 924NXU444S;
				GENERATE_INFOPLIST_FILE = YES;
				MARKETING_VERSION = 1.0;
				PRODUCT_BUNDLE_IDENTIFIER = "com.jaychiddarwar.Time-CapsuleUITests";
				PRODUCT_NAME = "$(TARGET_NAME)";
				SWIFT_EMIT_LOC_STRINGS = NO;
				SWIFT_VERSION = 5.0;
				TARGETED_DEVICE_FAMILY = "1,2";
				TEST_TARGET_NAME = "Time Capsule";
			};
			name = Debug;
		};
		6937DA5C2AED1E360079E179 /* Release */ = {
			isa = XCBuildConfiguration;
			buildSettings = {
				ALWAYS_EMBED_SWIFT_STANDARD_LIBRARIES = YES;
				CODE_SIGN_STYLE = Automatic;
				CURRENT_PROJECT_VERSION = 1;
				DEVELOPMENT_TEAM = 924NXU444S;
				GENERATE_INFOPLIST_FILE = YES;
				MARKETING_VERSION = 1.0;
				PRODUCT_BUNDLE_IDENTIFIER = "com.jaychiddarwar.Time-CapsuleUITests";
				PRODUCT_NAME = "$(TARGET_NAME)";
				SWIFT_EMIT_LOC_STRINGS = NO;
				SWIFT_VERSION = 5.0;
				TARGETED_DEVICE_FAMILY = "1,2";
				TEST_TARGET_NAME = "Time Capsule";
			};
			name = Release;
		};
/* End XCBuildConfiguration section */

/* Begin XCConfigurationList section */
		6937DA2B2AED1E340079E179 /* Build configuration list for PBXProject "Time Capsule" */ = {
			isa = XCConfigurationList;
			buildConfigurations = (
				6937DA522AED1E360079E179 /* Debug */,
				6937DA532AED1E360079E179 /* Release */,
			);
			defaultConfigurationIsVisible = 0;
			defaultConfigurationName = Release;
		};
		6937DA542AED1E360079E179 /* Build configuration list for PBXNativeTarget "Time Capsule" */ = {
			isa = XCConfigurationList;
			buildConfigurations = (
				6937DA552AED1E360079E179 /* Debug */,
				6937DA562AED1E360079E179 /* Release */,
			);
			defaultConfigurationIsVisible = 0;
			defaultConfigurationName = Release;
		};
		6937DA572AED1E360079E179 /* Build configuration list for PBXNativeTarget "Time CapsuleTests" */ = {
			isa = XCConfigurationList;
			buildConfigurations = (
				6937DA582AED1E360079E179 /* Debug */,
				6937DA592AED1E360079E179 /* Release */,
			);
			defaultConfigurationIsVisible = 0;
			defaultConfigurationName = Release;
		};
		6937DA5A2AED1E360079E179 /* Build configuration list for PBXNativeTarget "Time CapsuleUITests" */ = {
			isa = XCConfigurationList;
			buildConfigurations = (
				6937DA5B2AED1E360079E179 /* Debug */,
				6937DA5C2AED1E360079E179 /* Release */,
			);
			defaultConfigurationIsVisible = 0;
			defaultConfigurationName = Release;
		};
/* End XCConfigurationList section */

/* Begin XCVersionGroup section */
		69CC7B562AEFE2F100AB3907 /* Model.xcdatamodeld */ = {
			isa = XCVersionGroup;
			children = (
				69CC7B572AEFE2F100AB3907 /* Model.xcdatamodel */,
			);
			currentVersion = 69CC7B572AEFE2F100AB3907 /* Model.xcdatamodel */;
			path = Model.xcdatamodeld;
			sourceTree = "<group>";
			versionGroupType = wrapper.xcdatamodel;
		};
/* End XCVersionGroup section */
	};
	rootObject = 6937DA282AED1E340079E179 /* Project object */;
}
